
Microsoft Visual Studio Solution File, Format Version 12.00
# Visual Studio 15
VisualStudioVersion = 15.0.27004.2005
MinimumVisualStudioVersion = 10.0.40219.1
Project("{00D1A9C2-B5F0-4AF3-8072-F6C62B433612}") = "ErisDb", "ErisDb\ErisDb.sqlproj", "{C5A665AE-DBBA-4F58-9654-4361584262EF}"
EndProject
Project("{FAE04EC0-301F-11D3-BF4B-00C04F79EFBC}") = "Eris", "Eris\Eris.csproj", "{2EDBE1CF-F6CF-415D-80D3-EC27744586F2}"
EndProject
Global
	GlobalSection(SolutionConfigurationPlatforms) = preSolution
		Debug|Any CPU = Debug|Any CPU
		Release|Any CPU = Release|Any CPU
	EndGlobalSection
	GlobalSection(ProjectConfigurationPlatforms) = postSolution
		{C5A665AE-DBBA-4F58-9654-4361584262EF}.Debug|Any CPU.ActiveCfg = Debug|Any CPU
		{C5A665AE-DBBA-4F58-9654-4361584262EF}.Debug|Any CPU.Build.0 = Debug|Any CPU
		{C5A665AE-DBBA-4F58-9654-4361584262EF}.Debug|Any CPU.Deploy.0 = Debug|Any CPU
		{C5A665AE-DBBA-4F58-9654-4361584262EF}.Release|Any CPU.ActiveCfg = Release|Any CPU
		{C5A665AE-DBBA-4F58-9654-4361584262EF}.Release|Any CPU.Build.0 = Release|Any CPU
		{C5A665AE-DBBA-4F58-9654-4361584262EF}.Release|Any CPU.Deploy.0 = Release|Any CPU
		{2EDBE1CF-F6CF-415D-80D3-EC27744586F2}.Debug|Any CPU.ActiveCfg = Debug|Any CPU
		{2EDBE1CF-F6CF-415D-80D3-EC27744586F2}.Debug|Any CPU.Build.0 = Debug|Any CPU
		{2EDBE1CF-F6CF-415D-80D3-EC27744586F2}.Release|Any CPU.ActiveCfg = Release|Any CPU
		{2EDBE1CF-F6CF-415D-80D3-EC27744586F2}.Release|Any CPU.Build.0 = Release|Any CPU
	EndGlobalSection
	GlobalSection(SolutionProperties) = preSolution
		HideSolutionNode = FALSE
	EndGlobalSection
	GlobalSection(ExtensibilityGlobals) = postSolution
		SolutionGuid = {857B8FB9-3DA0-470C-8C5A-E9713D567CD2}
	EndGlobalSection
EndGlobal
